// !$*UTF8*$!
{
	archiveVersion = 1;
	classes = {
	};
	objectVersion = 50;
	objects = {

/* Begin PBXBuildFile section */
		9F021A1526E9190700DE9BEE /* Serializers.swift in Sources */ = {isa = PBXBuildFile; fileRef = 9F021A1426E9190700DE9BEE /* Serializers.swift */; };
		9F0A19BA26EB599E0011D761 /* CharacterSet.swift in Sources */ = {isa = PBXBuildFile; fileRef = 9F0A19B926EB599E0011D761 /* CharacterSet.swift */; };
		9F0A19BE26F0E4870011D761 /* TabBarController.swift in Sources */ = {isa = PBXBuildFile; fileRef = 9F0A19BD26F0E4870011D761 /* TabBarController.swift */; };
		9F0A19C026F0E4BC0011D761 /* HomeViewController.swift in Sources */ = {isa = PBXBuildFile; fileRef = 9F0A19BF26F0E4BC0011D761 /* HomeViewController.swift */; };
		9F0A19C226F0E4C70011D761 /* GalleryViewController.swift in Sources */ = {isa = PBXBuildFile; fileRef = 9F0A19C126F0E4C70011D761 /* GalleryViewController.swift */; };
		9F0A19C426F0E4D00011D761 /* ProfileViewController.swift in Sources */ = {isa = PBXBuildFile; fileRef = 9F0A19C326F0E4D00011D761 /* ProfileViewController.swift */; };
		9F8140B626DE7344003EE7AA /* NetworkService.swift in Sources */ = {isa = PBXBuildFile; fileRef = 9F8140B526DE7344003EE7AA /* NetworkService.swift */; };
		9F8140BB26DE83B1003EE7AA /* ProfileRequests.swift in Sources */ = {isa = PBXBuildFile; fileRef = 9F8140BA26DE83B1003EE7AA /* ProfileRequests.swift */; };
		9F8140C026DF9F09003EE7AA /* Tags.swift in Sources */ = {isa = PBXBuildFile; fileRef = 9F8140BF26DF9F09003EE7AA /* Tags.swift */; };
		9F8140C226DFA2F2003EE7AA /* Photos.swift in Sources */ = {isa = PBXBuildFile; fileRef = 9F8140C126DFA2F2003EE7AA /* Photos.swift */; };
		9F8140C426DFACD4003EE7AA /* Photos.Comments.swift in Sources */ = {isa = PBXBuildFile; fileRef = 9F8140C326DFACD4003EE7AA /* Photos.Comments.swift */; };
		9F8140C626DFF258003EE7AA /* Favorites.swift in Sources */ = {isa = PBXBuildFile; fileRef = 9F8140C526DFF258003EE7AA /* Favorites.swift */; };
		9F8140C826E0F1DA003EE7AA /* People.swift in Sources */ = {isa = PBXBuildFile; fileRef = 9F8140C726E0F1DA003EE7AA /* People.swift */; };
		9F8140CA26E115D3003EE7AA /* Parameters.swift in Sources */ = {isa = PBXBuildFile; fileRef = 9F8140C926E115D3003EE7AA /* Parameters.swift */; };
		9F8140CC26E11621003EE7AA /* Constants.swift in Sources */ = {isa = PBXBuildFile; fileRef = 9F8140CB26E11621003EE7AA /* Constants.swift */; };
		9F8140D026E4BEBC003EE7AA /* UploadPhoto.swift in Sources */ = {isa = PBXBuildFile; fileRef = 9F8140CF26E4BEBC003EE7AA /* UploadPhoto.swift */; };
		9F8140D326E4E66B003EE7AA /* PhotoAPI.swift in Sources */ = {isa = PBXBuildFile; fileRef = 9F8140D226E4E66B003EE7AA /* PhotoAPI.swift */; };
		9F8140D526E4E67A003EE7AA /* ProfileAPI.swift in Sources */ = {isa = PBXBuildFile; fileRef = 9F8140D426E4E67A003EE7AA /* ProfileAPI.swift */; };
		9F8140D726E4FA74003EE7AA /* TagAPI.swift in Sources */ = {isa = PBXBuildFile; fileRef = 9F8140D626E4FA74003EE7AA /* TagAPI.swift */; };
		9F8140DE26E62BB5003EE7AA /* CommentsAPI.swift in Sources */ = {isa = PBXBuildFile; fileRef = 9F8140DD26E62BB5003EE7AA /* CommentsAPI.swift */; };
		9F8140E326E647FE003EE7AA /* FaveAPI.swift in Sources */ = {isa = PBXBuildFile; fileRef = 9F8140E226E647FE003EE7AA /* FaveAPI.swift */; };
		9F8140E526E64E14003EE7AA /* PeopleAPI.swift in Sources */ = {isa = PBXBuildFile; fileRef = 9F8140E426E64E14003EE7AA /* PeopleAPI.swift */; };
		9F92AC6D26CFC2C200433CF3 /* AppDelegate.swift in Sources */ = {isa = PBXBuildFile; fileRef = 9F92AC6C26CFC2C200433CF3 /* AppDelegate.swift */; };
		9F92AC6F26CFC2C200433CF3 /* SceneDelegate.swift in Sources */ = {isa = PBXBuildFile; fileRef = 9F92AC6E26CFC2C200433CF3 /* SceneDelegate.swift */; };
		9F92AC7126CFC2C200433CF3 /* LoginViewController.swift in Sources */ = {isa = PBXBuildFile; fileRef = 9F92AC7026CFC2C200433CF3 /* LoginViewController.swift */; };
		9F92AC7426CFC2C200433CF3 /* Main.storyboard in Resources */ = {isa = PBXBuildFile; fileRef = 9F92AC7226CFC2C200433CF3 /* Main.storyboard */; };
		9F92AC7626CFC2C500433CF3 /* Assets.xcassets in Resources */ = {isa = PBXBuildFile; fileRef = 9F92AC7526CFC2C500433CF3 /* Assets.xcassets */; };
		9F92AC7926CFC2C500433CF3 /* LaunchScreen.storyboard in Resources */ = {isa = PBXBuildFile; fileRef = 9F92AC7726CFC2C500433CF3 /* LaunchScreen.storyboard */; };
		9F92AC8B26CFDE0300433CF3 /* AuthService.swift in Sources */ = {isa = PBXBuildFile; fileRef = 9F92AC8A26CFDE0300433CF3 /* AuthService.swift */; };
		9F92AC9126D2812B00433CF3 /* Encryption.swift in Sources */ = {isa = PBXBuildFile; fileRef = 9F92AC9026D2812B00433CF3 /* Encryption.swift */; };
		9F92AC9A26D7C44D00433CF3 /* HTTPMethod.swift in Sources */ = {isa = PBXBuildFile; fileRef = 9F92AC9926D7C44D00433CF3 /* HTTPMethod.swift */; };
		9FBC79F826F20678009A7608 /* PostViewController.swift in Sources */ = {isa = PBXBuildFile; fileRef = 9FBC79F726F20678009A7608 /* PostViewController.swift */; };
/* End PBXBuildFile section */

/* Begin PBXFileReference section */
		9F021A1426E9190700DE9BEE /* Serializers.swift */ = {isa = PBXFileReference; lastKnownFileType = sourcecode.swift; path = Serializers.swift; sourceTree = "<group>"; };
		9F0A19B926EB599E0011D761 /* CharacterSet.swift */ = {isa = PBXFileReference; lastKnownFileType = sourcecode.swift; path = CharacterSet.swift; sourceTree = "<group>"; };
		9F0A19BD26F0E4870011D761 /* TabBarController.swift */ = {isa = PBXFileReference; lastKnownFileType = sourcecode.swift; path = TabBarController.swift; sourceTree = "<group>"; };
		9F0A19BF26F0E4BC0011D761 /* HomeViewController.swift */ = {isa = PBXFileReference; lastKnownFileType = sourcecode.swift; path = HomeViewController.swift; sourceTree = "<group>"; };
		9F0A19C126F0E4C70011D761 /* GalleryViewController.swift */ = {isa = PBXFileReference; lastKnownFileType = sourcecode.swift; path = GalleryViewController.swift; sourceTree = "<group>"; };
		9F0A19C326F0E4D00011D761 /* ProfileViewController.swift */ = {isa = PBXFileReference; lastKnownFileType = sourcecode.swift; path = ProfileViewController.swift; sourceTree = "<group>"; };
		9F8140B526DE7344003EE7AA /* NetworkService.swift */ = {isa = PBXFileReference; lastKnownFileType = sourcecode.swift; path = NetworkService.swift; sourceTree = "<group>"; };
		9F8140BA26DE83B1003EE7AA /* ProfileRequests.swift */ = {isa = PBXFileReference; lastKnownFileType = sourcecode.swift; path = ProfileRequests.swift; sourceTree = "<group>"; };
		9F8140BF26DF9F09003EE7AA /* Tags.swift */ = {isa = PBXFileReference; lastKnownFileType = sourcecode.swift; path = Tags.swift; sourceTree = "<group>"; };
		9F8140C126DFA2F2003EE7AA /* Photos.swift */ = {isa = PBXFileReference; lastKnownFileType = sourcecode.swift; path = Photos.swift; sourceTree = "<group>"; };
		9F8140C326DFACD4003EE7AA /* Photos.Comments.swift */ = {isa = PBXFileReference; lastKnownFileType = sourcecode.swift; path = Photos.Comments.swift; sourceTree = "<group>"; };
		9F8140C526DFF258003EE7AA /* Favorites.swift */ = {isa = PBXFileReference; lastKnownFileType = sourcecode.swift; path = Favorites.swift; sourceTree = "<group>"; };
		9F8140C726E0F1DA003EE7AA /* People.swift */ = {isa = PBXFileReference; lastKnownFileType = sourcecode.swift; path = People.swift; sourceTree = "<group>"; };
		9F8140C926E115D3003EE7AA /* Parameters.swift */ = {isa = PBXFileReference; lastKnownFileType = sourcecode.swift; path = Parameters.swift; sourceTree = "<group>"; };
		9F8140CB26E11621003EE7AA /* Constants.swift */ = {isa = PBXFileReference; lastKnownFileType = sourcecode.swift; path = Constants.swift; sourceTree = "<group>"; };
		9F8140CF26E4BEBC003EE7AA /* UploadPhoto.swift */ = {isa = PBXFileReference; lastKnownFileType = sourcecode.swift; path = UploadPhoto.swift; sourceTree = "<group>"; };
		9F8140D226E4E66B003EE7AA /* PhotoAPI.swift */ = {isa = PBXFileReference; lastKnownFileType = sourcecode.swift; path = PhotoAPI.swift; sourceTree = "<group>"; };
		9F8140D426E4E67A003EE7AA /* ProfileAPI.swift */ = {isa = PBXFileReference; lastKnownFileType = sourcecode.swift; path = ProfileAPI.swift; sourceTree = "<group>"; };
		9F8140D626E4FA74003EE7AA /* TagAPI.swift */ = {isa = PBXFileReference; lastKnownFileType = sourcecode.swift; path = TagAPI.swift; sourceTree = "<group>"; };
		9F8140DD26E62BB5003EE7AA /* CommentsAPI.swift */ = {isa = PBXFileReference; lastKnownFileType = sourcecode.swift; path = CommentsAPI.swift; sourceTree = "<group>"; };
		9F8140E226E647FE003EE7AA /* FaveAPI.swift */ = {isa = PBXFileReference; lastKnownFileType = sourcecode.swift; path = FaveAPI.swift; sourceTree = "<group>"; };
		9F8140E426E64E14003EE7AA /* PeopleAPI.swift */ = {isa = PBXFileReference; lastKnownFileType = sourcecode.swift; path = PeopleAPI.swift; sourceTree = "<group>"; };
		9F92AC6926CFC2C200433CF3 /* Flickr.app */ = {isa = PBXFileReference; explicitFileType = wrapper.application; includeInIndex = 0; path = Flickr.app; sourceTree = BUILT_PRODUCTS_DIR; };
		9F92AC6C26CFC2C200433CF3 /* AppDelegate.swift */ = {isa = PBXFileReference; lastKnownFileType = sourcecode.swift; path = AppDelegate.swift; sourceTree = "<group>"; };
		9F92AC6E26CFC2C200433CF3 /* SceneDelegate.swift */ = {isa = PBXFileReference; lastKnownFileType = sourcecode.swift; path = SceneDelegate.swift; sourceTree = "<group>"; };
		9F92AC7026CFC2C200433CF3 /* LoginViewController.swift */ = {isa = PBXFileReference; lastKnownFileType = sourcecode.swift; path = LoginViewController.swift; sourceTree = "<group>"; };
		9F92AC7326CFC2C200433CF3 /* Base */ = {isa = PBXFileReference; lastKnownFileType = file.storyboard; name = Base; path = Base.lproj/Main.storyboard; sourceTree = "<group>"; };
		9F92AC7526CFC2C500433CF3 /* Assets.xcassets */ = {isa = PBXFileReference; lastKnownFileType = folder.assetcatalog; path = Assets.xcassets; sourceTree = "<group>"; };
		9F92AC7826CFC2C500433CF3 /* Base */ = {isa = PBXFileReference; lastKnownFileType = file.storyboard; name = Base; path = Base.lproj/LaunchScreen.storyboard; sourceTree = "<group>"; };
		9F92AC7A26CFC2C500433CF3 /* Info.plist */ = {isa = PBXFileReference; lastKnownFileType = text.plist.xml; path = Info.plist; sourceTree = "<group>"; };
		9F92AC8A26CFDE0300433CF3 /* AuthService.swift */ = {isa = PBXFileReference; lastKnownFileType = sourcecode.swift; path = AuthService.swift; sourceTree = "<group>"; };
		9F92AC9026D2812B00433CF3 /* Encryption.swift */ = {isa = PBXFileReference; lastKnownFileType = sourcecode.swift; path = Encryption.swift; sourceTree = "<group>"; };
		9F92AC9926D7C44D00433CF3 /* HTTPMethod.swift */ = {isa = PBXFileReference; lastKnownFileType = sourcecode.swift; path = HTTPMethod.swift; sourceTree = "<group>"; };
		9FBC79F726F20678009A7608 /* PostViewController.swift */ = {isa = PBXFileReference; lastKnownFileType = sourcecode.swift; path = PostViewController.swift; sourceTree = "<group>"; };
/* End PBXFileReference section */

/* Begin PBXFrameworksBuildPhase section */
		9F92AC6626CFC2C200433CF3 /* Frameworks */ = {
			isa = PBXFrameworksBuildPhase;
			buildActionMask = 2147483647;
			files = (
			);
			runOnlyForDeploymentPostprocessing = 0;
		};
/* End PBXFrameworksBuildPhase section */

/* Begin PBXGroup section */
		9F0A19BB26F0E0350011D761 /* Controllers */ = {
			isa = PBXGroup;
			children = (
				9F92AC7026CFC2C200433CF3 /* LoginViewController.swift */,
				9F0A19BD26F0E4870011D761 /* TabBarController.swift */,
				9F0A19BF26F0E4BC0011D761 /* HomeViewController.swift */,
				9F0A19C126F0E4C70011D761 /* GalleryViewController.swift */,
				9F0A19C326F0E4D00011D761 /* ProfileViewController.swift */,
				9FBC79F726F20678009A7608 /* PostViewController.swift */,
			);
			path = Controllers;
			sourceTree = "<group>";
		};
		9F0A19BC26F0E04E0011D761 /* Views */ = {
			isa = PBXGroup;
			children = (
				9F92AC7226CFC2C200433CF3 /* Main.storyboard */,
				9F92AC7726CFC2C500433CF3 /* LaunchScreen.storyboard */,
			);
			path = Views;
			sourceTree = "<group>";
		};
		9F8140B726DE734E003EE7AA /* Extensions */ = {
			isa = PBXGroup;
			children = (
				9F92AC9026D2812B00433CF3 /* Encryption.swift */,
				9F0A19B926EB599E0011D761 /* CharacterSet.swift */,
			);
			path = Extensions;
			sourceTree = "<group>";
		};
		9F8140B826DE756B003EE7AA /* Auth */ = {
			isa = PBXGroup;
			children = (
				9F92AC8A26CFDE0300433CF3 /* AuthService.swift */,
			);
			path = Auth;
			sourceTree = "<group>";
		};
		9F8140B926DE7579003EE7AA /* Network */ = {
			isa = PBXGroup;
			children = (
				9F8140D126E4E657003EE7AA /* Model */,
				9F8140BC26DE83BF003EE7AA /* Requests */,
				9F8140B526DE7344003EE7AA /* NetworkService.swift */,
				9F021A1426E9190700DE9BEE /* Serializers.swift */,
			);
			path = Network;
			sourceTree = "<group>";
		};
		9F8140BC26DE83BF003EE7AA /* Requests */ = {
			isa = PBXGroup;
			children = (
				9F8140BA26DE83B1003EE7AA /* ProfileRequests.swift */,
				9F8140BF26DF9F09003EE7AA /* Tags.swift */,
				9F8140C126DFA2F2003EE7AA /* Photos.swift */,
				9F8140C326DFACD4003EE7AA /* Photos.Comments.swift */,
				9F8140C526DFF258003EE7AA /* Favorites.swift */,
				9F8140C726E0F1DA003EE7AA /* People.swift */,
				9F8140CF26E4BEBC003EE7AA /* UploadPhoto.swift */,
			);
			path = Requests;
			sourceTree = "<group>";
		};
		9F8140D126E4E657003EE7AA /* Model */ = {
			isa = PBXGroup;
			children = (
				9F8140D426E4E67A003EE7AA /* ProfileAPI.swift */,
				9F8140D626E4FA74003EE7AA /* TagAPI.swift */,
				9F8140D226E4E66B003EE7AA /* PhotoAPI.swift */,
				9F8140DD26E62BB5003EE7AA /* CommentsAPI.swift */,
				9F8140E226E647FE003EE7AA /* FaveAPI.swift */,
				9F8140E426E64E14003EE7AA /* PeopleAPI.swift */,
			);
			path = Model;
			sourceTree = "<group>";
		};
		9F92AC6026CFC2C200433CF3 = {
			isa = PBXGroup;
			children = (
				9F92AC6B26CFC2C200433CF3 /* Flickr */,
				9F92AC6A26CFC2C200433CF3 /* Products */,
			);
			sourceTree = "<group>";
		};
		9F92AC6A26CFC2C200433CF3 /* Products */ = {
			isa = PBXGroup;
			children = (
				9F92AC6926CFC2C200433CF3 /* Flickr.app */,
			);
			name = Products;
			sourceTree = "<group>";
		};
		9F92AC6B26CFC2C200433CF3 /* Flickr */ = {
			isa = PBXGroup;
			children = (
				9F0A19BC26F0E04E0011D761 /* Views */,
				9F0A19BB26F0E0350011D761 /* Controllers */,
				9F8140B726DE734E003EE7AA /* Extensions */,
				9F92AC8926CFDDF200433CF3 /* Services */,
				9F92AC6C26CFC2C200433CF3 /* AppDelegate.swift */,
				9F92AC6E26CFC2C200433CF3 /* SceneDelegate.swift */,
				9F92AC7526CFC2C500433CF3 /* Assets.xcassets */,
				9F92AC7A26CFC2C500433CF3 /* Info.plist */,
			);
			path = Flickr;
			sourceTree = "<group>";
		};
		9F92AC8926CFDDF200433CF3 /* Services */ = {
			isa = PBXGroup;
			children = (
				9F8140B826DE756B003EE7AA /* Auth */,
				9F8140B926DE7579003EE7AA /* Network */,
				9F8140C926E115D3003EE7AA /* Parameters.swift */,
				9F92AC9926D7C44D00433CF3 /* HTTPMethod.swift */,
				9F8140CB26E11621003EE7AA /* Constants.swift */,
			);
			path = Services;
			sourceTree = "<group>";
		};
/* End PBXGroup section */

/* Begin PBXNativeTarget section */
		9F92AC6826CFC2C200433CF3 /* Flickr */ = {
			isa = PBXNativeTarget;
			buildConfigurationList = 9F92AC7D26CFC2C500433CF3 /* Build configuration list for PBXNativeTarget "Flickr" */;
			buildPhases = (
				9F92AC6526CFC2C200433CF3 /* Sources */,
				9F92AC6626CFC2C200433CF3 /* Frameworks */,
				9F92AC6726CFC2C200433CF3 /* Resources */,
			);
			buildRules = (
			);
			dependencies = (
			);
			name = Flickr;
			productName = Flickr;
			productReference = 9F92AC6926CFC2C200433CF3 /* Flickr.app */;
			productType = "com.apple.product-type.application";
		};
/* End PBXNativeTarget section */

/* Begin PBXProject section */
		9F92AC6126CFC2C200433CF3 /* Project object */ = {
			isa = PBXProject;
			attributes = {
				LastSwiftUpdateCheck = 1250;
				LastUpgradeCheck = 1250;
				TargetAttributes = {
					9F92AC6826CFC2C200433CF3 = {
						CreatedOnToolsVersion = 12.5.1;
					};
				};
			};
			buildConfigurationList = 9F92AC6426CFC2C200433CF3 /* Build configuration list for PBXProject "Flickr" */;
			compatibilityVersion = "Xcode 9.3";
			developmentRegion = en;
			hasScannedForEncodings = 0;
			knownRegions = (
				en,
				Base,
			);
			mainGroup = 9F92AC6026CFC2C200433CF3;
			productRefGroup = 9F92AC6A26CFC2C200433CF3 /* Products */;
			projectDirPath = "";
			projectRoot = "";
			targets = (
				9F92AC6826CFC2C200433CF3 /* Flickr */,
			);
		};
/* End PBXProject section */

/* Begin PBXResourcesBuildPhase section */
		9F92AC6726CFC2C200433CF3 /* Resources */ = {
			isa = PBXResourcesBuildPhase;
			buildActionMask = 2147483647;
			files = (
				9F92AC7926CFC2C500433CF3 /* LaunchScreen.storyboard in Resources */,
				9F92AC7626CFC2C500433CF3 /* Assets.xcassets in Resources */,
				9F92AC7426CFC2C200433CF3 /* Main.storyboard in Resources */,
			);
			runOnlyForDeploymentPostprocessing = 0;
		};
/* End PBXResourcesBuildPhase section */

/* Begin PBXSourcesBuildPhase section */
		9F92AC6526CFC2C200433CF3 /* Sources */ = {
			isa = PBXSourcesBuildPhase;
			buildActionMask = 2147483647;
			files = (
				9F92AC7126CFC2C200433CF3 /* LoginViewController.swift in Sources */,
				9F021A1526E9190700DE9BEE /* Serializers.swift in Sources */,
				9F8140CA26E115D3003EE7AA /* Parameters.swift in Sources */,
				9F8140BB26DE83B1003EE7AA /* ProfileRequests.swift in Sources */,
				9F92AC6D26CFC2C200433CF3 /* AppDelegate.swift in Sources */,
				9F92AC9A26D7C44D00433CF3 /* HTTPMethod.swift in Sources */,
				9F8140CC26E11621003EE7AA /* Constants.swift in Sources */,
				9F8140C226DFA2F2003EE7AA /* Photos.swift in Sources */,
				9F92AC6F26CFC2C200433CF3 /* SceneDelegate.swift in Sources */,
				9F8140C026DF9F09003EE7AA /* Tags.swift in Sources */,
				9F8140C426DFACD4003EE7AA /* Photos.Comments.swift in Sources */,
				9F0A19C026F0E4BC0011D761 /* HomeViewController.swift in Sources */,
				9F8140D326E4E66B003EE7AA /* PhotoAPI.swift in Sources */,
				9F8140D726E4FA74003EE7AA /* TagAPI.swift in Sources */,
				9F8140E326E647FE003EE7AA /* FaveAPI.swift in Sources */,
				9F0A19C226F0E4C70011D761 /* GalleryViewController.swift in Sources */,
				9F0A19BA26EB599E0011D761 /* CharacterSet.swift in Sources */,
				9F8140E526E64E14003EE7AA /* PeopleAPI.swift in Sources */,
				9F0A19C426F0E4D00011D761 /* ProfileViewController.swift in Sources */,
				9F92AC9126D2812B00433CF3 /* Encryption.swift in Sources */,
				9F8140D026E4BEBC003EE7AA /* UploadPhoto.swift in Sources */,
				9F0A19BE26F0E4870011D761 /* TabBarController.swift in Sources */,
				9F8140C626DFF258003EE7AA /* Favorites.swift in Sources */,
				9F8140D526E4E67A003EE7AA /* ProfileAPI.swift in Sources */,
				9F8140DE26E62BB5003EE7AA /* CommentsAPI.swift in Sources */,
				9F92AC8B26CFDE0300433CF3 /* AuthService.swift in Sources */,
				9F8140B626DE7344003EE7AA /* NetworkService.swift in Sources */,
				9F8140C826E0F1DA003EE7AA /* People.swift in Sources */,
				9FBC79F826F20678009A7608 /* PostViewController.swift in Sources */,
			);
			runOnlyForDeploymentPostprocessing = 0;
		};
/* End PBXSourcesBuildPhase section */

/* Begin PBXVariantGroup section */
		9F92AC7226CFC2C200433CF3 /* Main.storyboard */ = {
			isa = PBXVariantGroup;
			children = (
				9F92AC7326CFC2C200433CF3 /* Base */,
			);
			name = Main.storyboard;
			sourceTree = "<group>";
		};
		9F92AC7726CFC2C500433CF3 /* LaunchScreen.storyboard */ = {
			isa = PBXVariantGroup;
			children = (
				9F92AC7826CFC2C500433CF3 /* Base */,
			);
			name = LaunchScreen.storyboard;
			sourceTree = "<group>";
		};
/* End PBXVariantGroup section */

/* Begin XCBuildConfiguration section */
		9F92AC7B26CFC2C500433CF3 /* Debug */ = {
			isa = XCBuildConfiguration;
			buildSettings = {
				ALWAYS_SEARCH_USER_PATHS = NO;
				CLANG_ANALYZER_NONNULL = YES;
				CLANG_ANALYZER_NUMBER_OBJECT_CONVERSION = YES_AGGRESSIVE;
				CLANG_CXX_LANGUAGE_STANDARD = "gnu++14";
				CLANG_CXX_LIBRARY = "libc++";
				CLANG_ENABLE_MODULES = YES;
				CLANG_ENABLE_OBJC_ARC = YES;
				CLANG_ENABLE_OBJC_WEAK = YES;
				CLANG_WARN_BLOCK_CAPTURE_AUTORELEASING = YES;
				CLANG_WARN_BOOL_CONVERSION = YES;
				CLANG_WARN_COMMA = YES;
				CLANG_WARN_CONSTANT_CONVERSION = YES;
				CLANG_WARN_DEPRECATED_OBJC_IMPLEMENTATIONS = YES;
				CLANG_WARN_DIRECT_OBJC_ISA_USAGE = YES_ERROR;
				CLANG_WARN_DOCUMENTATION_COMMENTS = YES;
				CLANG_WARN_EMPTY_BODY = YES;
				CLANG_WARN_ENUM_CONVERSION = YES;
				CLANG_WARN_INFINITE_RECURSION = YES;
				CLANG_WARN_INT_CONVERSION = YES;
				CLANG_WARN_NON_LITERAL_NULL_CONVERSION = YES;
				CLANG_WARN_OBJC_IMPLICIT_RETAIN_SELF = YES;
				CLANG_WARN_OBJC_LITERAL_CONVERSION = YES;
				CLANG_WARN_OBJC_ROOT_CLASS = YES_ERROR;
				CLANG_WARN_QUOTED_INCLUDE_IN_FRAMEWORK_HEADER = YES;
				CLANG_WARN_RANGE_LOOP_ANALYSIS = YES;
				CLANG_WARN_STRICT_PROTOTYPES = YES;
				CLANG_WARN_SUSPICIOUS_MOVE = YES;
				CLANG_WARN_UNGUARDED_AVAILABILITY = YES_AGGRESSIVE;
				CLANG_WARN_UNREACHABLE_CODE = YES;
				CLANG_WARN__DUPLICATE_METHOD_MATCH = YES;
				COPY_PHASE_STRIP = NO;
				DEBUG_INFORMATION_FORMAT = dwarf;
				ENABLE_STRICT_OBJC_MSGSEND = YES;
				ENABLE_TESTABILITY = YES;
				GCC_C_LANGUAGE_STANDARD = gnu11;
				GCC_DYNAMIC_NO_PIC = NO;
				GCC_NO_COMMON_BLOCKS = YES;
				GCC_OPTIMIZATION_LEVEL = 0;
				GCC_PREPROCESSOR_DEFINITIONS = (
					"DEBUG=1",
					"$(inherited)",
				);
				GCC_WARN_64_TO_32_BIT_CONVERSION = YES;
				GCC_WARN_ABOUT_RETURN_TYPE = YES_ERROR;
				GCC_WARN_UNDECLARED_SELECTOR = YES;
				GCC_WARN_UNINITIALIZED_AUTOS = YES_AGGRESSIVE;
				GCC_WARN_UNUSED_FUNCTION = YES;
				GCC_WARN_UNUSED_VARIABLE = YES;
				IPHONEOS_DEPLOYMENT_TARGET = 14.5;
				MTL_ENABLE_DEBUG_INFO = INCLUDE_SOURCE;
				MTL_FAST_MATH = YES;
				ONLY_ACTIVE_ARCH = YES;
				SDKROOT = iphoneos;
				SWIFT_ACTIVE_COMPILATION_CONDITIONS = DEBUG;
				SWIFT_OPTIMIZATION_LEVEL = "-Onone";
			};
			name = Debug;
		};
		9F92AC7C26CFC2C500433CF3 /* Release */ = {
			isa = XCBuildConfiguration;
			buildSettings = {
				ALWAYS_SEARCH_USER_PATHS = NO;
				CLANG_ANALYZER_NONNULL = YES;
				CLANG_ANALYZER_NUMBER_OBJECT_CONVERSION = YES_AGGRESSIVE;
				CLANG_CXX_LANGUAGE_STANDARD = "gnu++14";
				CLANG_CXX_LIBRARY = "libc++";
				CLANG_ENABLE_MODULES = YES;
				CLANG_ENABLE_OBJC_ARC = YES;
				CLANG_ENABLE_OBJC_WEAK = YES;
				CLANG_WARN_BLOCK_CAPTURE_AUTORELEASING = YES;
				CLANG_WARN_BOOL_CONVERSION = YES;
				CLANG_WARN_COMMA = YES;
				CLANG_WARN_CONSTANT_CONVERSION = YES;
				CLANG_WARN_DEPRECATED_OBJC_IMPLEMENTATIONS = YES;
				CLANG_WARN_DIRECT_OBJC_ISA_USAGE = YES_ERROR;
				CLANG_WARN_DOCUMENTATION_COMMENTS = YES;
				CLANG_WARN_EMPTY_BODY = YES;
				CLANG_WARN_ENUM_CONVERSION = YES;
				CLANG_WARN_INFINITE_RECURSION = YES;
				CLANG_WARN_INT_CONVERSION = YES;
				CLANG_WARN_NON_LITERAL_NULL_CONVERSION = YES;
				CLANG_WARN_OBJC_IMPLICIT_RETAIN_SELF = YES;
				CLANG_WARN_OBJC_LITERAL_CONVERSION = YES;
				CLANG_WARN_OBJC_ROOT_CLASS = YES_ERROR;
				CLANG_WARN_QUOTED_INCLUDE_IN_FRAMEWORK_HEADER = YES;
				CLANG_WARN_RANGE_LOOP_ANALYSIS = YES;
				CLANG_WARN_STRICT_PROTOTYPES = YES;
				CLANG_WARN_SUSPICIOUS_MOVE = YES;
				CLANG_WARN_UNGUARDED_AVAILABILITY = YES_AGGRESSIVE;
				CLANG_WARN_UNREACHABLE_CODE = YES;
				CLANG_WARN__DUPLICATE_METHOD_MATCH = YES;
				COPY_PHASE_STRIP = NO;
				DEBUG_INFORMATION_FORMAT = "dwarf-with-dsym";
				ENABLE_NS_ASSERTIONS = NO;
				ENABLE_STRICT_OBJC_MSGSEND = YES;
				GCC_C_LANGUAGE_STANDARD = gnu11;
				GCC_NO_COMMON_BLOCKS = YES;
				GCC_WARN_64_TO_32_BIT_CONVERSION = YES;
				GCC_WARN_ABOUT_RETURN_TYPE = YES_ERROR;
				GCC_WARN_UNDECLARED_SELECTOR = YES;
				GCC_WARN_UNINITIALIZED_AUTOS = YES_AGGRESSIVE;
				GCC_WARN_UNUSED_FUNCTION = YES;
				GCC_WARN_UNUSED_VARIABLE = YES;
				IPHONEOS_DEPLOYMENT_TARGET = 14.5;
				MTL_ENABLE_DEBUG_INFO = NO;
				MTL_FAST_MATH = YES;
				SDKROOT = iphoneos;
				SWIFT_COMPILATION_MODE = wholemodule;
				SWIFT_OPTIMIZATION_LEVEL = "-O";
				VALIDATE_PRODUCT = YES;
			};
			name = Release;
		};
		9F92AC7E26CFC2C500433CF3 /* Debug */ = {
			isa = XCBuildConfiguration;
			buildSettings = {
				ASSETCATALOG_COMPILER_APPICON_NAME = AppIcon;
				ASSETCATALOG_COMPILER_GLOBAL_ACCENT_COLOR_NAME = AccentColor;
				CODE_SIGN_STYLE = Automatic;
				DEVELOPMENT_TEAM = C5URJH7ZUY;
				INFOPLIST_FILE = Flickr/Info.plist;
				LD_RUNPATH_SEARCH_PATHS = (
					"$(inherited)",
					"@executable_path/Frameworks",
				);
				PRODUCT_BUNDLE_IDENTIFIER = "Boring-Company.Flickr";
				PRODUCT_NAME = "$(TARGET_NAME)";
				SWIFT_VERSION = 5.0;
				TARGETED_DEVICE_FAMILY = "1,2";
			};
			name = Debug;
		};
		9F92AC7F26CFC2C500433CF3 /* Release */ = {
			isa = XCBuildConfiguration;
			buildSettings = {
				ASSETCATALOG_COMPILER_APPICON_NAME = AppIcon;
				ASSETCATALOG_COMPILER_GLOBAL_ACCENT_COLOR_NAME = AccentColor;
				CODE_SIGN_STYLE = Automatic;
				DEVELOPMENT_TEAM = C5URJH7ZUY;
				INFOPLIST_FILE = Flickr/Info.plist;
				LD_RUNPATH_SEARCH_PATHS = (
					"$(inherited)",
					"@executable_path/Frameworks",
				);
				PRODUCT_BUNDLE_IDENTIFIER = "Boring-Company.Flickr";
				PRODUCT_NAME = "$(TARGET_NAME)";
				SWIFT_VERSION = 5.0;
				TARGETED_DEVICE_FAMILY = "1,2";
			};
			name = Release;
		};
/* End XCBuildConfiguration section */

/* Begin XCConfigurationList section */
		9F92AC6426CFC2C200433CF3 /* Build configuration list for PBXProject "Flickr" */ = {
			isa = XCConfigurationList;
			buildConfigurations = (
				9F92AC7B26CFC2C500433CF3 /* Debug */,
				9F92AC7C26CFC2C500433CF3 /* Release */,
			);
			defaultConfigurationIsVisible = 0;
			defaultConfigurationName = Release;
		};
		9F92AC7D26CFC2C500433CF3 /* Build configuration list for PBXNativeTarget "Flickr" */ = {
			isa = XCConfigurationList;
			buildConfigurations = (
				9F92AC7E26CFC2C500433CF3 /* Debug */,
				9F92AC7F26CFC2C500433CF3 /* Release */,
			);
			defaultConfigurationIsVisible = 0;
			defaultConfigurationName = Release;
		};
/* End XCConfigurationList section */
	};
	rootObject = 9F92AC6126CFC2C200433CF3 /* Project object */;
}
